
Microsoft Visual Studio Solution File, Format Version 12.00
# Visual Studio Version 17
VisualStudioVersion = 17.6.33723.286
MinimumVisualStudioVersion = 10.0.40219.1
Project("{FAE04EC0-301F-11D3-BF4B-00C04F79EFBC}") = "ODSExport", "ODSExport\ODSExport.csproj", "{96B17126-B8D0-4ACE-8040-5BFFBE5FF1F8}"
EndProject
Global
	GlobalSection(SolutionConfigurationPlatforms) = preSolution
		Debug|Any CPU = Debug|Any CPU
		Release|Any CPU = Release|Any CPU
	EndGlobalSection
	GlobalSection(ProjectConfigurationPlatforms) = postSolution
		{96B17126-B8D0-4ACE-8040-5BFFBE5FF1F8}.Debug|Any CPU.ActiveCfg = Debug|Any CPU
		{96B17126-B8D0-4ACE-8040-5BFFBE5FF1F8}.Debug|Any CPU.Build.0 = Debug|Any CPU
		{96B17126-B8D0-4ACE-8040-5BFFBE5FF1F8}.Release|Any CPU.ActiveCfg = Release|Any CPU
		{96B17126-B8D0-4ACE-8040-5BFFBE5FF1F8}.Release|Any CPU.Build.0 = Release|Any CPU
	EndGlobalSection
	GlobalSection(SolutionProperties) = preSolution
		HideSolutionNode = FALSE
	EndGlobalSection
	GlobalSection(ExtensibilityGlobals) = postSolution
		SolutionGuid = {BE5AA09B-F02F-4CBB-997F-FCA2C8F01972}
	EndGlobalSection
EndGlobal
